// !$*UTF8*$!
{
	archiveVersion = 1;
	classes = {
	};
	objectVersion = 46;
	objects = {

/* Begin PBXBuildFile section */
		5FB9235E1C721D95003542DA /* AppDelegate.swift in Sources */ = {isa = PBXBuildFile; fileRef = 5FB9235D1C721D95003542DA /* AppDelegate.swift */; };
		5FB923601C721D95003542DA /* ViewController.swift in Sources */ = {isa = PBXBuildFile; fileRef = 5FB9235F1C721D95003542DA /* ViewController.swift */; };
		5FB923631C721D95003542DA /* Main.storyboard in Resources */ = {isa = PBXBuildFile; fileRef = 5FB923611C721D95003542DA /* Main.storyboard */; };
		5FB923651C721D95003542DA /* Assets.xcassets in Resources */ = {isa = PBXBuildFile; fileRef = 5FB923641C721D95003542DA /* Assets.xcassets */; };
		5FB923681C721D95003542DA /* LaunchScreen.storyboard in Resources */ = {isa = PBXBuildFile; fileRef = 5FB923661C721D95003542DA /* LaunchScreen.storyboard */; };
/* End PBXBuildFile section */

/* Begin PBXFileReference section */
		5FB9235A1C721D95003542DA /* CountDownTimer-IOS-Weekly.app */ = {isa = PBXFileReference; explicitFileType = wrapper.application; includeInIndex = 0; path = "CountDownTimer-IOS-Weekly.app"; sourceTree = BUILT_PRODUCTS_DIR; };
		5FB9235D1C721D95003542DA /* AppDelegate.swift */ = {isa = PBXFileReference; lastKnownFileType = sourcecode.swift; path = AppDelegate.swift; sourceTree = "<group>"; };
		5FB9235F1C721D95003542DA /* ViewController.swift */ = {isa = PBXFileReference; lastKnownFileType = sourcecode.swift; path = ViewController.swift; sourceTree = "<group>"; };
		5FB923621C721D95003542DA /* Base */ = {isa = PBXFileReference; lastKnownFileType = file.storyboard; name = Base; path = Base.lproj/Main.storyboard; sourceTree = "<group>"; };
		5FB923641C721D95003542DA /* Assets.xcassets */ = {isa = PBXFileReference; lastKnownFileType = folder.assetcatalog; path = Assets.xcassets; sourceTree = "<group>"; };
		5FB923671C721D95003542DA /* Base */ = {isa = PBXFileReference; lastKnownFileType = file.storyboard; name = Base; path = Base.lproj/LaunchScreen.storyboard; sourceTree = "<group>"; };
		5FB923691C721D95003542DA /* Info.plist */ = {isa = PBXFileReference; lastKnownFileType = text.plist.xml; path = Info.plist; sourceTree = "<group>"; };
/* End PBXFileReference section */

/* Begin PBXFrameworksBuildPhase section */
		5FB923571C721D95003542DA /* Frameworks */ = {
			isa = PBXFrameworksBuildPhase;
			buildActionMask = 2147483647;
			files = (
			);
			runOnlyForDeploymentPostprocessing = 0;
		};
/* End PBXFrameworksBuildPhase section */

/* Begin PBXGroup section */
		5FB923511C721D95003542DA = {
			isa = PBXGroup;
			children = (
				5FB9235C1C721D95003542DA /* CountDownTimer-IOS-Weekly */,
				5FB9235B1C721D95003542DA /* Products */,
			);
			sourceTree = "<group>";
		};
		5FB9235B1C721D95003542DA /* Products */ = {
			isa = PBXGroup;
			children = (
				5FB9235A1C721D95003542DA /* CountDownTimer-IOS-Weekly.app */,
			);
			name = Products;
			sourceTree = "<group>";
		};
		5FB9235C1C721D95003542DA /* CountDownTimer-IOS-Weekly */ = {
			isa = PBXGroup;
			children = (
				5FB9235D1C721D95003542DA /* AppDelegate.swift */,
				5FB9235F1C721D95003542DA /* ViewController.swift */,
				5FB923611C721D95003542DA /* Main.storyboard */,
				5FB923641C721D95003542DA /* Assets.xcassets */,
				5FB923661C721D95003542DA /* LaunchScreen.storyboard */,
				5FB923691C721D95003542DA /* Info.plist */,
			);
			path = "CountDownTimer-IOS-Weekly";
			sourceTree = "<group>";
		};
/* End PBXGroup section */

/* Begin PBXNativeTarget section */
		5FB923591C721D95003542DA /* CountDownTimer-IOS-Weekly */ = {
			isa = PBXNativeTarget;
			buildConfigurationList = 5FB9236C1C721D95003542DA /* Build configuration list for PBXNativeTarget "CountDownTimer-IOS-Weekly" */;
			buildPhases = (
				5FB923561C721D95003542DA /* Sources */,
				5FB923571C721D95003542DA /* Frameworks */,
				5FB923581C721D95003542DA /* Resources */,
			);
			buildRules = (
			);
			dependencies = (
			);
			name = "CountDownTimer-IOS-Weekly";
			productName = "CountDownTimer-IOS-Weekly";
			productReference = 5FB9235A1C721D95003542DA /* CountDownTimer-IOS-Weekly.app */;
			productType = "com.apple.product-type.application";
		};
/* End PBXNativeTarget section */

/* Begin PBXProject section */
		5FB923521C721D95003542DA /* Project object */ = {
			isa = PBXProject;
			attributes = {
				LastUpgradeCheck = 0700;
				ORGANIZATIONNAME = "6 lines of Code";
				TargetAttributes = {
					5FB923591C721D95003542DA = {
						CreatedOnToolsVersion = 7.0;
						DevelopmentTeam = 55B26MJR2K;
					};
				};
			};
			buildConfigurationList = 5FB923551C721D95003542DA /* Build configuration list for PBXProject "CountDownTimer-IOS-Weekly" */;
			compatibilityVersion = "Xcode 3.2";
			developmentRegion = English;
			hasScannedForEncodings = 0;
			knownRegions = (
				en,
				Base,
			);
			mainGroup = 5FB923511C721D95003542DA;
			productRefGroup = 5FB9235B1C721D95003542DA /* Products */;
			projectDirPath = "";
			projectRoot = "";
			targets = (
				5FB923591C721D95003542DA /* CountDownTimer-IOS-Weekly */,
			);
		};
/* End PBXProject section */

/* Begin PBXResourcesBuildPhase section */
		5FB923581C721D95003542DA /* Resources */ = {
			isa = PBXResourcesBuildPhase;
			buildActionMask = 2147483647;
			files = (
				5FB923681C721D95003542DA /* LaunchScreen.storyboard in Resources */,
				5FB923651C721D95003542DA /* Assets.xcassets in Resources */,
				5FB923631C721D95003542DA /* Main.storyboard in Resources */,
			);
			runOnlyForDeploymentPostprocessing = 0;
		};
/* End PBXResourcesBuildPhase section */

/* Begin PBXSourcesBuildPhase section */
		5FB923561C721D95003542DA /* Sources */ = {
			isa = PBXSourcesBuildPhase;
			buildActionMask = 2147483647;
			files = (
				5FB923601C721D95003542DA /* ViewController.swift in Sources */,
				5FB9235E1C721D95003542DA /* AppDelegate.swift in Sources */,
			);
			runOnlyForDeploymentPostprocessing = 0;
		};
/* End PBXSourcesBuildPhase section */

/* Begin PBXVariantGroup section */
		5FB923611C721D95003542DA /* Main.storyboard */ = {
			isa = PBXVariantGroup;
			children = (
				5FB923621C721D95003542DA /* Base */,
			);
			name = Main.storyboard;
			sourceTree = "<group>";
		};
		5FB923661C721D95003542DA /* LaunchScreen.storyboard */ = {
			isa = PBXVariantGroup;
			children = (
				5FB923671C721D95003542DA /* Base */,
			);
			name = LaunchScreen.storyboard;
			sourceTree = "<group>";
		};
/* End PBXVariantGroup section */

/* Begin XCBuildConfiguration section */
		5FB9236A1C721D95003542DA /* Debug */ = {
			isa = XCBuildConfiguration;
			buildSettings = {
				ALWAYS_SEARCH_USER_PATHS = NO;
				CLANG_CXX_LANGUAGE_STANDARD = "gnu++0x";
				CLANG_CXX_LIBRARY = "libc++";
				CLANG_ENABLE_MODULES = YES;
				CLANG_ENABLE_OBJC_ARC = YES;
				CLANG_WARN_BOOL_CONVERSION = YES;
				CLANG_WARN_CONSTANT_CONVERSION = YES;
				CLANG_WARN_DIRECT_OBJC_ISA_USAGE = YES_ERROR;
				CLANG_WARN_EMPTY_BODY = YES;
				CLANG_WARN_ENUM_CONVERSION = YES;
				CLANG_WARN_INT_CONVERSION = YES;
				CLANG_WARN_OBJC_ROOT_CLASS = YES_ERROR;
				CLANG_WARN_UNREACHABLE_CODE = YES;
				CLANG_WARN__DUPLICATE_METHOD_MATCH = YES;
				"CODE_SIGN_IDENTITY[sdk=iphoneos*]" = "iPhone Developer";
				COPY_PHASE_STRIP = NO;
				DEBUG_INFORMATION_FORMAT = dwarf;
				ENABLE_STRICT_OBJC_MSGSEND = YES;
				ENABLE_TESTABILITY = YES;
				GCC_C_LANGUAGE_STANDARD = gnu99;
				GCC_DYNAMIC_NO_PIC = NO;
				GCC_NO_COMMON_BLOCKS = YES;
				GCC_OPTIMIZATION_LEVEL = 0;
				GCC_PREPROCESSOR_DEFINITIONS = (
					"DEBUG=1",
					"$(inherited)",
				);
				GCC_WARN_64_TO_32_BIT_CONVERSION = YES;
				GCC_WARN_ABOUT_RETURN_TYPE = YES_ERROR;
				GCC_WARN_UNDECLARED_SELECTOR = YES;
				GCC_WARN_UNINITIALIZED_AUTOS = YES_AGGRESSIVE;
				GCC_WARN_UNUSED_FUNCTION = YES;
				GCC_WARN_UNUSED_VARIABLE = YES;
				IPHONEOS_DEPLOYMENT_TARGET = 9.0;
				MTL_ENABLE_DEBUG_INFO = YES;
				ONLY_ACTIVE_ARCH = YES;
				SDKROOT = iphoneos;
				SWIFT_OPTIMIZATION_LEVEL = "-Onone";
			};
			name = Debug;
		};
		5FB9236B1C721D95003542DA /* Release */ = {
			isa = XCBuildConfiguration;
			buildSettings = {
				ALWAYS_SEARCH_USER_PATHS = NO;
				CLANG_CXX_LANGUAGE_STANDARD = "gnu++0x";
				CLANG_CXX_LIBRARY = "libc++";
				CLANG_ENABLE_MODULES = YES;
				CLANG_ENABLE_OBJC_ARC = YES;
				CLANG_WARN_BOOL_CONVERSION = YES;
				CLANG_WARN_CONSTANT_CONVERSION = YES;
				CLANG_WARN_DIRECT_OBJC_ISA_USAGE = YES_ERROR;
				CLANG_WARN_EMPTY_BODY = YES;
				CLANG_WARN_ENUM_CONVERSION = YES;
				CLANG_WARN_INT_CONVERSION = YES;
				CLANG_WARN_OBJC_ROOT_CLASS = YES_ERROR;
				CLANG_WARN_UNREACHABLE_CODE = YES;
				CLANG_WARN__DUPLICATE_METHOD_MATCH = YES;
				"CODE_SIGN_IDENTITY[sdk=iphoneos*]" = "iPhone Developer";
				COPY_PHASE_STRIP = NO;
				DEBUG_INFORMATION_FORMAT = "dwarf-with-dsym";
				ENABLE_NS_ASSERTIONS = NO;
				ENABLE_STRICT_OBJC_MSGSEND = YES;
				GCC_C_LANGUAGE_STANDARD = gnu99;
				GCC_NO_COMMON_BLOCKS = YES;
				GCC_WARN_64_TO_32_BIT_CONVERSION = YES;
				GCC_WARN_ABOUT_RETURN_TYPE = YES_ERROR;
				GCC_WARN_UNDECLARED_SELECTOR = YES;
				GCC_WARN_UNINITIALIZED_AUTOS = YES_AGGRESSIVE;
				GCC_WARN_UNUSED_FUNCTION = YES;
				GCC_WARN_UNUSED_VARIABLE = YES;
				IPHONEOS_DEPLOYMENT_TARGET = 9.0;
				MTL_ENABLE_DEBUG_INFO = NO;
				SDKROOT = iphoneos;
				VALIDATE_PRODUCT = YES;
			};
			name = Release;
		};
		5FB9236D1C721D95003542DA /* Debug */ = {
			isa = XCBuildConfiguration;
			buildSettings = {
				ASSETCATALOG_COMPILER_APPICON_NAME = AppIcon;
				INFOPLIST_FILE = "CountDownTimer-IOS-Weekly/Info.plist";
				LD_RUNPATH_SEARCH_PATHS = "$(inherited) @executable_path/Frameworks";
				PRODUCT_BUNDLE_IDENTIFIER = "com.knexis.CountDownTimer-IOS-Weekly";
				PRODUCT_NAME = "$(TARGET_NAME)";
			};
			name = Debug;
		};
		5FB9236E1C721D95003542DA /* Release */ = {
			isa = XCBuildConfiguration;
			buildSettings = {
				ASSETCATALOG_COMPILER_APPICON_NAME = AppIcon;
				INFOPLIST_FILE = "CountDownTimer-IOS-Weekly/Info.plist";
				LD_RUNPATH_SEARCH_PATHS = "$(inherited) @executable_path/Frameworks";
				PRODUCT_BUNDLE_IDENTIFIER = "com.knexis.CountDownTimer-IOS-Weekly";
				PRODUCT_NAME = "$(TARGET_NAME)";
			};
			name = Release;
		};
/* End XCBuildConfiguration section */

/* Begin XCConfigurationList section */
		5FB923551C721D95003542DA /* Build configuration list for PBXProject "CountDownTimer-IOS-Weekly" */ = {
			isa = XCConfigurationList;
			buildConfigurations = (
				5FB9236A1C721D95003542DA /* Debug */,
				5FB9236B1C721D95003542DA /* Release */,
			);
			defaultConfigurationIsVisible = 0;
			defaultConfigurationName = Release;
		};
		5FB9236C1C721D95003542DA /* Build configuration list for PBXNativeTarget "CountDownTimer-IOS-Weekly" */ = {
			isa = XCConfigurationList;
			buildConfigurations = (
				5FB9236D1C721D95003542DA /* Debug */,
				5FB9236E1C721D95003542DA /* Release */,
			);
			defaultConfigurationIsVisible = 0;
		};
/* End XCConfigurationList section */
	};
	rootObject = 5FB923521C721D95003542DA /* Project object */;
}
